
Microsoft Visual Studio Solution File, Format Version 12.00
# Visual Studio Version 17
VisualStudioVersion = 17.0.31903.59
MinimumVisualStudioVersion = 10.0.40219.1
Project("{FAE04EC0-301F-11D3-BF4B-00C04F79EFBC}") = "web", "web\web.csproj", "{DD3BE232-55B5-4925-8898-75BF465C37E1}"
EndProject
Project("{FAE04EC0-301F-11D3-BF4B-00C04F79EFBC}") = "test", "test\test.csproj", "{05BC3982-0B35-4B3F-90B5-54820B55A511}"
EndProject
Project("{FAE04EC0-301F-11D3-BF4B-00C04F79EFBC}") = "core", "core\core.csproj", "{758F8963-7F43-4BC7-847F-006D1DCF742B}"
EndProject
Global
	GlobalSection(SolutionConfigurationPlatforms) = preSolution
		Debug|Any CPU = Debug|Any CPU
		Release|Any CPU = Release|Any CPU
	EndGlobalSection
	GlobalSection(SolutionProperties) = preSolution
		HideSolutionNode = FALSE
	EndGlobalSection
	GlobalSection(ProjectConfigurationPlatforms) = postSolution
		{DD3BE232-55B5-4925-8898-75BF465C37E1}.Debug|Any CPU.ActiveCfg = Debug|Any CPU
		{DD3BE232-55B5-4925-8898-75BF465C37E1}.Debug|Any CPU.Build.0 = Debug|Any CPU
		{DD3BE232-55B5-4925-8898-75BF465C37E1}.Release|Any CPU.ActiveCfg = Release|Any CPU
		{DD3BE232-55B5-4925-8898-75BF465C37E1}.Release|Any CPU.Build.0 = Release|Any CPU
		{05BC3982-0B35-4B3F-90B5-54820B55A511}.Debug|Any CPU.ActiveCfg = Debug|Any CPU
		{05BC3982-0B35-4B3F-90B5-54820B55A511}.Debug|Any CPU.Build.0 = Debug|Any CPU
		{05BC3982-0B35-4B3F-90B5-54820B55A511}.Release|Any CPU.ActiveCfg = Release|Any CPU
		{05BC3982-0B35-4B3F-90B5-54820B55A511}.Release|Any CPU.Build.0 = Release|Any CPU
		{758F8963-7F43-4BC7-847F-006D1DCF742B}.Debug|Any CPU.ActiveCfg = Debug|Any CPU
		{758F8963-7F43-4BC7-847F-006D1DCF742B}.Debug|Any CPU.Build.0 = Debug|Any CPU
		{758F8963-7F43-4BC7-847F-006D1DCF742B}.Release|Any CPU.ActiveCfg = Release|Any CPU
		{758F8963-7F43-4BC7-847F-006D1DCF742B}.Release|Any CPU.Build.0 = Release|Any CPU
	EndGlobalSection
EndGlobal
