
Microsoft Visual Studio Solution File, Format Version 12.00
# Visual Studio Version 17
VisualStudioVersion = 17.0.31903.59
MinimumVisualStudioVersion = 10.0.40219.1
Project("{FAE04EC0-301F-11D3-BF4B-00C04F79EFBC}") = "core", "core\core.csproj", "{F91AA5FE-F5BA-4244-B5DC-CC8D3ED3E409}"
EndProject
Project("{FAE04EC0-301F-11D3-BF4B-00C04F79EFBC}") = "Data", "Data\Data.csproj", "{96084E3B-93C6-4BA7-959C-0689532E8505}"
EndProject
Project("{FAE04EC0-301F-11D3-BF4B-00C04F79EFBC}") = "web", "web\web.csproj", "{C8997D15-DD79-4EE9-B292-9263746D9A49}"
EndProject
Global
	GlobalSection(SolutionConfigurationPlatforms) = preSolution
		Debug|Any CPU = Debug|Any CPU
		Release|Any CPU = Release|Any CPU
	EndGlobalSection
	GlobalSection(SolutionProperties) = preSolution
		HideSolutionNode = FALSE
	EndGlobalSection
	GlobalSection(ProjectConfigurationPlatforms) = postSolution
		{F91AA5FE-F5BA-4244-B5DC-CC8D3ED3E409}.Debug|Any CPU.ActiveCfg = Debug|Any CPU
		{F91AA5FE-F5BA-4244-B5DC-CC8D3ED3E409}.Debug|Any CPU.Build.0 = Debug|Any CPU
		{F91AA5FE-F5BA-4244-B5DC-CC8D3ED3E409}.Release|Any CPU.ActiveCfg = Release|Any CPU
		{F91AA5FE-F5BA-4244-B5DC-CC8D3ED3E409}.Release|Any CPU.Build.0 = Release|Any CPU
		{96084E3B-93C6-4BA7-959C-0689532E8505}.Debug|Any CPU.ActiveCfg = Debug|Any CPU
		{96084E3B-93C6-4BA7-959C-0689532E8505}.Debug|Any CPU.Build.0 = Debug|Any CPU
		{96084E3B-93C6-4BA7-959C-0689532E8505}.Release|Any CPU.ActiveCfg = Release|Any CPU
		{96084E3B-93C6-4BA7-959C-0689532E8505}.Release|Any CPU.Build.0 = Release|Any CPU
		{C8997D15-DD79-4EE9-B292-9263746D9A49}.Debug|Any CPU.ActiveCfg = Debug|Any CPU
		{C8997D15-DD79-4EE9-B292-9263746D9A49}.Debug|Any CPU.Build.0 = Debug|Any CPU
		{C8997D15-DD79-4EE9-B292-9263746D9A49}.Release|Any CPU.ActiveCfg = Release|Any CPU
		{C8997D15-DD79-4EE9-B292-9263746D9A49}.Release|Any CPU.Build.0 = Release|Any CPU
		{77FA2E88-D89F-498D-B0B6-63906EE8B055}.Debug|Any CPU.ActiveCfg = Debug|Any CPU
		{77FA2E88-D89F-498D-B0B6-63906EE8B055}.Debug|Any CPU.Build.0 = Debug|Any CPU
		{77FA2E88-D89F-498D-B0B6-63906EE8B055}.Release|Any CPU.ActiveCfg = Release|Any CPU
		{77FA2E88-D89F-498D-B0B6-63906EE8B055}.Release|Any CPU.Build.0 = Release|Any CPU
	EndGlobalSection
EndGlobal
